// !$*UTF8*$!
{
	archiveVersion = 1;
	classes = {
	};
	objectVersion = 50;
	objects = {

/* Begin PBXBuildFile section */
		8475C46E2347B31F0002BBBE /* FeedViewController.swift in Sources */ = {isa = PBXBuildFile; fileRef = 8475C46D2347B31F0002BBBE /* FeedViewController.swift */; };
		8475C4712347B5FB0002BBBE /* AuthViewController.swift in Sources */ = {isa = PBXBuildFile; fileRef = 8475C46F2347B5FB0002BBBE /* AuthViewController.swift */; };
		8475C4722347B5FB0002BBBE /* AuthViewController.xib in Resources */ = {isa = PBXBuildFile; fileRef = 8475C4702347B5FB0002BBBE /* AuthViewController.xib */; };
		8475C4742347D16B0002BBBE /* NetworkService.swift in Sources */ = {isa = PBXBuildFile; fileRef = 8475C4732347D16B0002BBBE /* NetworkService.swift */; };
		8475C476234889170002BBBE /* APIConstants.swift in Sources */ = {isa = PBXBuildFile; fileRef = 8475C475234889170002BBBE /* APIConstants.swift */; };
		84B1338C233FD4C700D86CC0 /* AppDelegate.swift in Sources */ = {isa = PBXBuildFile; fileRef = 84B1338B233FD4C700D86CC0 /* AppDelegate.swift */; };
		84B13393233FD4C900D86CC0 /* Assets.xcassets in Resources */ = {isa = PBXBuildFile; fileRef = 84B13392233FD4C900D86CC0 /* Assets.xcassets */; };
		84B13396233FD4C900D86CC0 /* LaunchScreen.storyboard in Resources */ = {isa = PBXBuildFile; fileRef = 84B13394233FD4C900D86CC0 /* LaunchScreen.storyboard */; };
		84B1339F233FDC0000D86CC0 /* VKSdkFramework.framework in Frameworks */ = {isa = PBXBuildFile; fileRef = 84B1339E233FDC0000D86CC0 /* VKSdkFramework.framework */; };
		84B133A3233FE04500D86CC0 /* AuthService.swift in Sources */ = {isa = PBXBuildFile; fileRef = 84B133A2233FE04500D86CC0 /* AuthService.swift */; };
		84B133A6233FE2B600D86CC0 /* Launcher.swift in Sources */ = {isa = PBXBuildFile; fileRef = 84B133A5233FE2B600D86CC0 /* Launcher.swift */; };
/* End PBXBuildFile section */

/* Begin PBXFileReference section */
		8475C46D2347B31F0002BBBE /* FeedViewController.swift */ = {isa = PBXFileReference; lastKnownFileType = sourcecode.swift; path = FeedViewController.swift; sourceTree = "<group>"; };
		8475C46F2347B5FB0002BBBE /* AuthViewController.swift */ = {isa = PBXFileReference; lastKnownFileType = sourcecode.swift; path = AuthViewController.swift; sourceTree = "<group>"; };
		8475C4702347B5FB0002BBBE /* AuthViewController.xib */ = {isa = PBXFileReference; lastKnownFileType = file.xib; path = AuthViewController.xib; sourceTree = "<group>"; };
		8475C4732347D16B0002BBBE /* NetworkService.swift */ = {isa = PBXFileReference; lastKnownFileType = sourcecode.swift; path = NetworkService.swift; sourceTree = "<group>"; };
		8475C475234889170002BBBE /* APIConstants.swift */ = {isa = PBXFileReference; lastKnownFileType = sourcecode.swift; path = APIConstants.swift; sourceTree = "<group>"; };
		84B13388233FD4C700D86CC0 /* VkFeedExample.app */ = {isa = PBXFileReference; explicitFileType = wrapper.application; includeInIndex = 0; path = VkFeedExample.app; sourceTree = BUILT_PRODUCTS_DIR; };
		84B1338B233FD4C700D86CC0 /* AppDelegate.swift */ = {isa = PBXFileReference; lastKnownFileType = sourcecode.swift; path = AppDelegate.swift; sourceTree = "<group>"; };
		84B13392233FD4C900D86CC0 /* Assets.xcassets */ = {isa = PBXFileReference; lastKnownFileType = folder.assetcatalog; path = Assets.xcassets; sourceTree = "<group>"; };
		84B13395233FD4C900D86CC0 /* Base */ = {isa = PBXFileReference; lastKnownFileType = file.storyboard; name = Base; path = Base.lproj/LaunchScreen.storyboard; sourceTree = "<group>"; };
		84B13397233FD4C900D86CC0 /* Info.plist */ = {isa = PBXFileReference; lastKnownFileType = text.plist.xml; path = Info.plist; sourceTree = "<group>"; };
		84B1339E233FDC0000D86CC0 /* VKSdkFramework.framework */ = {isa = PBXFileReference; lastKnownFileType = wrapper.framework; name = VKSdkFramework.framework; path = Carthage/Build/iOS/VKSdkFramework.framework; sourceTree = "<group>"; };
		84B133A2233FE04500D86CC0 /* AuthService.swift */ = {isa = PBXFileReference; lastKnownFileType = sourcecode.swift; path = AuthService.swift; sourceTree = "<group>"; };
		84B133A5233FE2B600D86CC0 /* Launcher.swift */ = {isa = PBXFileReference; lastKnownFileType = sourcecode.swift; path = Launcher.swift; sourceTree = "<group>"; };
/* End PBXFileReference section */

/* Begin PBXFrameworksBuildPhase section */
		84B13385233FD4C700D86CC0 /* Frameworks */ = {
			isa = PBXFrameworksBuildPhase;
			buildActionMask = 2147483647;
			files = (
				84B1339F233FDC0000D86CC0 /* VKSdkFramework.framework in Frameworks */,
			);
			runOnlyForDeploymentPostprocessing = 0;
		};
/* End PBXFrameworksBuildPhase section */

/* Begin PBXGroup section */
		84B1337F233FD4C600D86CC0 = {
			isa = PBXGroup;
			children = (
				84B1338A233FD4C700D86CC0 /* VkFeedExample */,
				84B13389233FD4C700D86CC0 /* Products */,
				84B1339D233FDC0000D86CC0 /* Frameworks */,
			);
			sourceTree = "<group>";
		};
		84B13389233FD4C700D86CC0 /* Products */ = {
			isa = PBXGroup;
			children = (
				84B13388233FD4C700D86CC0 /* VkFeedExample.app */,
			);
			name = Products;
			sourceTree = "<group>";
		};
		84B1338A233FD4C700D86CC0 /* VkFeedExample */ = {
			isa = PBXGroup;
			children = (
				84B133A1233FE03400D86CC0 /* Services */,
				84B133A4233FE2A500D86CC0 /* ViewController */,
				84B1338B233FD4C700D86CC0 /* AppDelegate.swift */,
				84B13392233FD4C900D86CC0 /* Assets.xcassets */,
				84B13394233FD4C900D86CC0 /* LaunchScreen.storyboard */,
				84B13397233FD4C900D86CC0 /* Info.plist */,
			);
			path = VkFeedExample;
			sourceTree = "<group>";
		};
		84B1339D233FDC0000D86CC0 /* Frameworks */ = {
			isa = PBXGroup;
			children = (
				84B1339E233FDC0000D86CC0 /* VKSdkFramework.framework */,
			);
			name = Frameworks;
			sourceTree = "<group>";
		};
		84B133A1233FE03400D86CC0 /* Services */ = {
			isa = PBXGroup;
			children = (
				84B133A2233FE04500D86CC0 /* AuthService.swift */,
				8475C4732347D16B0002BBBE /* NetworkService.swift */,
				8475C475234889170002BBBE /* APIConstants.swift */,
			);
			path = Services;
			sourceTree = "<group>";
		};
		84B133A4233FE2A500D86CC0 /* ViewController */ = {
			isa = PBXGroup;
			children = (
				84B133A5233FE2B600D86CC0 /* Launcher.swift */,
				8475C46F2347B5FB0002BBBE /* AuthViewController.swift */,
				8475C4702347B5FB0002BBBE /* AuthViewController.xib */,
				8475C46D2347B31F0002BBBE /* FeedViewController.swift */,
			);
			path = ViewController;
			sourceTree = "<group>";
		};
/* End PBXGroup section */

/* Begin PBXNativeTarget section */
		84B13387233FD4C700D86CC0 /* VkFeedExample */ = {
			isa = PBXNativeTarget;
			buildConfigurationList = 84B1339A233FD4C900D86CC0 /* Build configuration list for PBXNativeTarget "VkFeedExample" */;
			buildPhases = (
				84B13384233FD4C700D86CC0 /* Sources */,
				84B13385233FD4C700D86CC0 /* Frameworks */,
				84B13386233FD4C700D86CC0 /* Resources */,
				84B133A0233FDC1A00D86CC0 /* Carthage */,
			);
			buildRules = (
			);
			dependencies = (
			);
			name = VkFeedExample;
			productName = VkFeedExample;
			productReference = 84B13388233FD4C700D86CC0 /* VkFeedExample.app */;
			productType = "com.apple.product-type.application";
		};
/* End PBXNativeTarget section */

/* Begin PBXProject section */
		84B13380233FD4C600D86CC0 /* Project object */ = {
			isa = PBXProject;
			attributes = {
				LastSwiftUpdateCheck = 1020;
				LastUpgradeCheck = 1020;
				ORGANIZATIONNAME = "Станислав Шияновский";
				TargetAttributes = {
					84B13387233FD4C700D86CC0 = {
						CreatedOnToolsVersion = 10.2.1;
					};
				};
			};
			buildConfigurationList = 84B13383233FD4C600D86CC0 /* Build configuration list for PBXProject "VkFeedExample" */;
			compatibilityVersion = "Xcode 9.3";
			developmentRegion = en;
			hasScannedForEncodings = 0;
			knownRegions = (
				en,
				Base,
			);
			mainGroup = 84B1337F233FD4C600D86CC0;
			productRefGroup = 84B13389233FD4C700D86CC0 /* Products */;
			projectDirPath = "";
			projectRoot = "";
			targets = (
				84B13387233FD4C700D86CC0 /* VkFeedExample */,
			);
		};
/* End PBXProject section */

/* Begin PBXResourcesBuildPhase section */
		84B13386233FD4C700D86CC0 /* Resources */ = {
			isa = PBXResourcesBuildPhase;
			buildActionMask = 2147483647;
			files = (
				84B13396233FD4C900D86CC0 /* LaunchScreen.storyboard in Resources */,
				8475C4722347B5FB0002BBBE /* AuthViewController.xib in Resources */,
				84B13393233FD4C900D86CC0 /* Assets.xcassets in Resources */,
			);
			runOnlyForDeploymentPostprocessing = 0;
		};
/* End PBXResourcesBuildPhase section */

/* Begin PBXShellScriptBuildPhase section */
		84B133A0233FDC1A00D86CC0 /* Carthage */ = {
			isa = PBXShellScriptBuildPhase;
			buildActionMask = 2147483647;
			files = (
			);
			inputFileListPaths = (
			);
			inputPaths = (
				"$(SRCROOT)/Carthage/Build/iOS/VKSdkFramework.framework",
			);
			name = Carthage;
			outputFileListPaths = (
			);
			outputPaths = (
			);
			runOnlyForDeploymentPostprocessing = 0;
			shellPath = /bin/sh;
			shellScript = "/usr/local/bin/carthage copy-frameworks\n";
		};
/* End PBXShellScriptBuildPhase section */

/* Begin PBXSourcesBuildPhase section */
		84B13384233FD4C700D86CC0 /* Sources */ = {
			isa = PBXSourcesBuildPhase;
			buildActionMask = 2147483647;
			files = (
				84B133A3233FE04500D86CC0 /* AuthService.swift in Sources */,
				8475C476234889170002BBBE /* APIConstants.swift in Sources */,
				84B1338C233FD4C700D86CC0 /* AppDelegate.swift in Sources */,
				8475C4712347B5FB0002BBBE /* AuthViewController.swift in Sources */,
				8475C46E2347B31F0002BBBE /* FeedViewController.swift in Sources */,
				8475C4742347D16B0002BBBE /* NetworkService.swift in Sources */,
				84B133A6233FE2B600D86CC0 /* Launcher.swift in Sources */,
			);
			runOnlyForDeploymentPostprocessing = 0;
		};
/* End PBXSourcesBuildPhase section */

/* Begin PBXVariantGroup section */
		84B13394233FD4C900D86CC0 /* LaunchScreen.storyboard */ = {
			isa = PBXVariantGroup;
			children = (
				84B13395233FD4C900D86CC0 /* Base */,
			);
			name = LaunchScreen.storyboard;
			sourceTree = "<group>";
		};
/* End PBXVariantGroup section */

/* Begin XCBuildConfiguration section */
		84B13398233FD4C900D86CC0 /* Debug */ = {
			isa = XCBuildConfiguration;
			buildSettings = {
				ALWAYS_SEARCH_USER_PATHS = NO;
				CLANG_ANALYZER_NONNULL = YES;
				CLANG_ANALYZER_NUMBER_OBJECT_CONVERSION = YES_AGGRESSIVE;
				CLANG_CXX_LANGUAGE_STANDARD = "gnu++14";
				CLANG_CXX_LIBRARY = "libc++";
				CLANG_ENABLE_MODULES = YES;
				CLANG_ENABLE_OBJC_ARC = YES;
				CLANG_ENABLE_OBJC_WEAK = YES;
				CLANG_WARN_BLOCK_CAPTURE_AUTORELEASING = YES;
				CLANG_WARN_BOOL_CONVERSION = YES;
				CLANG_WARN_COMMA = YES;
				CLANG_WARN_CONSTANT_CONVERSION = YES;
				CLANG_WARN_DEPRECATED_OBJC_IMPLEMENTATIONS = YES;
				CLANG_WARN_DIRECT_OBJC_ISA_USAGE = YES_ERROR;
				CLANG_WARN_DOCUMENTATION_COMMENTS = YES;
				CLANG_WARN_EMPTY_BODY = YES;
				CLANG_WARN_ENUM_CONVERSION = YES;
				CLANG_WARN_INFINITE_RECURSION = YES;
				CLANG_WARN_INT_CONVERSION = YES;
				CLANG_WARN_NON_LITERAL_NULL_CONVERSION = YES;
				CLANG_WARN_OBJC_IMPLICIT_RETAIN_SELF = YES;
				CLANG_WARN_OBJC_LITERAL_CONVERSION = YES;
				CLANG_WARN_OBJC_ROOT_CLASS = YES_ERROR;
				CLANG_WARN_RANGE_LOOP_ANALYSIS = YES;
				CLANG_WARN_STRICT_PROTOTYPES = YES;
				CLANG_WARN_SUSPICIOUS_MOVE = YES;
				CLANG_WARN_UNGUARDED_AVAILABILITY = YES_AGGRESSIVE;
				CLANG_WARN_UNREACHABLE_CODE = YES;
				CLANG_WARN__DUPLICATE_METHOD_MATCH = YES;
				CODE_SIGN_IDENTITY = "iPhone Developer";
				COPY_PHASE_STRIP = NO;
				DEBUG_INFORMATION_FORMAT = dwarf;
				ENABLE_STRICT_OBJC_MSGSEND = YES;
				ENABLE_TESTABILITY = YES;
				GCC_C_LANGUAGE_STANDARD = gnu11;
				GCC_DYNAMIC_NO_PIC = NO;
				GCC_NO_COMMON_BLOCKS = YES;
				GCC_OPTIMIZATION_LEVEL = 0;
				GCC_PREPROCESSOR_DEFINITIONS = (
					"DEBUG=1",
					"$(inherited)",
				);
				GCC_WARN_64_TO_32_BIT_CONVERSION = YES;
				GCC_WARN_ABOUT_RETURN_TYPE = YES_ERROR;
				GCC_WARN_UNDECLARED_SELECTOR = YES;
				GCC_WARN_UNINITIALIZED_AUTOS = YES_AGGRESSIVE;
				GCC_WARN_UNUSED_FUNCTION = YES;
				GCC_WARN_UNUSED_VARIABLE = YES;
				IPHONEOS_DEPLOYMENT_TARGET = 12.2;
				MTL_ENABLE_DEBUG_INFO = INCLUDE_SOURCE;
				MTL_FAST_MATH = YES;
				ONLY_ACTIVE_ARCH = YES;
				SDKROOT = iphoneos;
				SWIFT_ACTIVE_COMPILATION_CONDITIONS = DEBUG;
				SWIFT_OPTIMIZATION_LEVEL = "-Onone";
			};
			name = Debug;
		};
		84B13399233FD4C900D86CC0 /* Release */ = {
			isa = XCBuildConfiguration;
			buildSettings = {
				ALWAYS_SEARCH_USER_PATHS = NO;
				CLANG_ANALYZER_NONNULL = YES;
				CLANG_ANALYZER_NUMBER_OBJECT_CONVERSION = YES_AGGRESSIVE;
				CLANG_CXX_LANGUAGE_STANDARD = "gnu++14";
				CLANG_CXX_LIBRARY = "libc++";
				CLANG_ENABLE_MODULES = YES;
				CLANG_ENABLE_OBJC_ARC = YES;
				CLANG_ENABLE_OBJC_WEAK = YES;
				CLANG_WARN_BLOCK_CAPTURE_AUTORELEASING = YES;
				CLANG_WARN_BOOL_CONVERSION = YES;
				CLANG_WARN_COMMA = YES;
				CLANG_WARN_CONSTANT_CONVERSION = YES;
				CLANG_WARN_DEPRECATED_OBJC_IMPLEMENTATIONS = YES;
				CLANG_WARN_DIRECT_OBJC_ISA_USAGE = YES_ERROR;
				CLANG_WARN_DOCUMENTATION_COMMENTS = YES;
				CLANG_WARN_EMPTY_BODY = YES;
				CLANG_WARN_ENUM_CONVERSION = YES;
				CLANG_WARN_INFINITE_RECURSION = YES;
				CLANG_WARN_INT_CONVERSION = YES;
				CLANG_WARN_NON_LITERAL_NULL_CONVERSION = YES;
				CLANG_WARN_OBJC_IMPLICIT_RETAIN_SELF = YES;
				CLANG_WARN_OBJC_LITERAL_CONVERSION = YES;
				CLANG_WARN_OBJC_ROOT_CLASS = YES_ERROR;
				CLANG_WARN_RANGE_LOOP_ANALYSIS = YES;
				CLANG_WARN_STRICT_PROTOTYPES = YES;
				CLANG_WARN_SUSPICIOUS_MOVE = YES;
				CLANG_WARN_UNGUARDED_AVAILABILITY = YES_AGGRESSIVE;
				CLANG_WARN_UNREACHABLE_CODE = YES;
				CLANG_WARN__DUPLICATE_METHOD_MATCH = YES;
				CODE_SIGN_IDENTITY = "iPhone Developer";
				COPY_PHASE_STRIP = NO;
				DEBUG_INFORMATION_FORMAT = "dwarf-with-dsym";
				ENABLE_NS_ASSERTIONS = NO;
				ENABLE_STRICT_OBJC_MSGSEND = YES;
				GCC_C_LANGUAGE_STANDARD = gnu11;
				GCC_NO_COMMON_BLOCKS = YES;
				GCC_WARN_64_TO_32_BIT_CONVERSION = YES;
				GCC_WARN_ABOUT_RETURN_TYPE = YES_ERROR;
				GCC_WARN_UNDECLARED_SELECTOR = YES;
				GCC_WARN_UNINITIALIZED_AUTOS = YES_AGGRESSIVE;
				GCC_WARN_UNUSED_FUNCTION = YES;
				GCC_WARN_UNUSED_VARIABLE = YES;
				IPHONEOS_DEPLOYMENT_TARGET = 12.2;
				MTL_ENABLE_DEBUG_INFO = NO;
				MTL_FAST_MATH = YES;
				SDKROOT = iphoneos;
				SWIFT_COMPILATION_MODE = wholemodule;
				SWIFT_OPTIMIZATION_LEVEL = "-O";
				VALIDATE_PRODUCT = YES;
			};
			name = Release;
		};
		84B1339B233FD4C900D86CC0 /* Debug */ = {
			isa = XCBuildConfiguration;
			buildSettings = {
				ASSETCATALOG_COMPILER_APPICON_NAME = AppIcon;
				CODE_SIGN_STYLE = Automatic;
				DEVELOPMENT_TEAM = 3PTYV272Z4;
				FRAMEWORK_SEARCH_PATHS = (
					"$(inherited)",
					"$(PROJECT_DIR)/Carthage/Build/iOS",
				);
				INFOPLIST_FILE = VkFeedExample/Info.plist;
				LD_RUNPATH_SEARCH_PATHS = (
					"$(inherited)",
					"@executable_path/Frameworks",
				);
				PRODUCT_BUNDLE_IDENTIFIER = ua.kr.ssh.VkFeedExample;
				PRODUCT_NAME = "$(TARGET_NAME)";
				SWIFT_VERSION = 5.0;
				TARGETED_DEVICE_FAMILY = 1;
			};
			name = Debug;
		};
		84B1339C233FD4C900D86CC0 /* Release */ = {
			isa = XCBuildConfiguration;
			buildSettings = {
				ASSETCATALOG_COMPILER_APPICON_NAME = AppIcon;
				CODE_SIGN_STYLE = Automatic;
				DEVELOPMENT_TEAM = 3PTYV272Z4;
				FRAMEWORK_SEARCH_PATHS = (
					"$(inherited)",
					"$(PROJECT_DIR)/Carthage/Build/iOS",
				);
				INFOPLIST_FILE = VkFeedExample/Info.plist;
				LD_RUNPATH_SEARCH_PATHS = (
					"$(inherited)",
					"@executable_path/Frameworks",
				);
				PRODUCT_BUNDLE_IDENTIFIER = ua.kr.ssh.VkFeedExample;
				PRODUCT_NAME = "$(TARGET_NAME)";
				SWIFT_VERSION = 5.0;
				TARGETED_DEVICE_FAMILY = 1;
			};
			name = Release;
		};
/* End XCBuildConfiguration section */

/* Begin XCConfigurationList section */
		84B13383233FD4C600D86CC0 /* Build configuration list for PBXProject "VkFeedExample" */ = {
			isa = XCConfigurationList;
			buildConfigurations = (
				84B13398233FD4C900D86CC0 /* Debug */,
				84B13399233FD4C900D86CC0 /* Release */,
			);
			defaultConfigurationIsVisible = 0;
			defaultConfigurationName = Release;
		};
		84B1339A233FD4C900D86CC0 /* Build configuration list for PBXNativeTarget "VkFeedExample" */ = {
			isa = XCConfigurationList;
			buildConfigurations = (
				84B1339B233FD4C900D86CC0 /* Debug */,
				84B1339C233FD4C900D86CC0 /* Release */,
			);
			defaultConfigurationIsVisible = 0;
			defaultConfigurationName = Release;
		};
/* End XCConfigurationList section */
	};
	rootObject = 84B13380233FD4C600D86CC0 /* Project object */;
}
